// !$*UTF8*$!
{
	archiveVersion = 1;
	classes = {
	};
	objectVersion = 46;
	objects = {

/* Begin PBXBuildFile section */
		480F3EF1165DEA82005079F1 /* ICParser.m in Sources */ = {isa = PBXBuildFile; fileRef = 480F3EF0165DEA82005079F1 /* ICParser.m */; };
		482C38F31684351300721377 /* NMCustomLabel.m in Sources */ = {isa = PBXBuildFile; fileRef = 482C38DB1684351300721377 /* NMCustomLabel.m */; };
		482C38F41684351300721377 /* NMCustomLabelStyle.m in Sources */ = {isa = PBXBuildFile; fileRef = 482C38DD1684351300721377 /* NMCustomLabelStyle.m */; };
		484BEC5516807B820030F68C /* CoreText.framework in Frameworks */ = {isa = PBXBuildFile; fileRef = 484BEC5416807B820030F68C /* CoreText.framework */; };
		48DB71FC165D303500646E6F /* libUnittWebSocketClient.a in Frameworks */ = {isa = PBXBuildFile; fileRef = 49887DE9163D5D9B003773A7 /* libUnittWebSocketClient.a */; };
		48DB7202165D30F500646E6F /* ICController.m in Sources */ = {isa = PBXBuildFile; fileRef = 48DB7201165D30F400646E6F /* ICController.m */; };
		48DB7205165D31B900646E6F /* ICNetwork.m in Sources */ = {isa = PBXBuildFile; fileRef = 48DB7204165D31B800646E6F /* ICNetwork.m */; };
		48DB7209165D3C3300646E6F /* ICChannel.m in Sources */ = {isa = PBXBuildFile; fileRef = 48DB7208165D3C3300646E6F /* ICChannel.m */; };
		48FC816D16604B1900930F38 /* ICBuffer.m in Sources */ = {isa = PBXBuildFile; fileRef = 48FC816C16604B1900930F38 /* ICBuffer.m */; };
		48FD2731167E0E46004B2863 /* TTTAttributedLabel.m in Sources */ = {isa = PBXBuildFile; fileRef = 48FD2720167E0E46004B2863 /* TTTAttributedLabel.m */; };
		4907B6121636980500022D54 /* LogIn_iPad.storyboard in Resources */ = {isa = PBXBuildFile; fileRef = 4907B6111636980500022D54 /* LogIn_iPad.storyboard */; };
		498B8A641619F8B4001A4356 /* UIKit.framework in Frameworks */ = {isa = PBXBuildFile; fileRef = 498B8A631619F8B4001A4356 /* UIKit.framework */; };
		498B8A661619F8B4001A4356 /* Foundation.framework in Frameworks */ = {isa = PBXBuildFile; fileRef = 498B8A651619F8B4001A4356 /* Foundation.framework */; };
		498B8A681619F8B4001A4356 /* CoreGraphics.framework in Frameworks */ = {isa = PBXBuildFile; fileRef = 498B8A671619F8B4001A4356 /* CoreGraphics.framework */; settings = {ATTRIBUTES = (Required, ); }; };
		498B8A701619F8B4001A4356 /* main.m in Sources */ = {isa = PBXBuildFile; fileRef = 498B8A6F1619F8B4001A4356 /* main.m */; };
		498B8A741619F8B4001A4356 /* ICAppDelegate.m in Sources */ = {isa = PBXBuildFile; fileRef = 498B8A731619F8B4001A4356 /* ICAppDelegate.m */; };
		498B8A761619F8B4001A4356 /* Default.png in Resources */ = {isa = PBXBuildFile; fileRef = 498B8A751619F8B4001A4356 /* Default.png */; };
		498B8A7A1619F8B5001A4356 /* Default-568h@2x.png in Resources */ = {isa = PBXBuildFile; fileRef = 498B8A791619F8B4001A4356 /* Default-568h@2x.png */; };
		498B8A831619F8B5001A4356 /* ICMasterViewController.m in Sources */ = {isa = PBXBuildFile; fileRef = 498B8A821619F8B5001A4356 /* ICMasterViewController.m */; };
		498B8A93161A036B001A4356 /* icon.png in Resources */ = {isa = PBXBuildFile; fileRef = 498B8A92161A036B001A4356 /* icon.png */; };
		498B8A95161A0382001A4356 /* icon@2x.png in Resources */ = {isa = PBXBuildFile; fileRef = 498B8A94161A0382001A4356 /* icon@2x.png */; };
		498B8A97161A03A4001A4356 /* icon~ipad.png in Resources */ = {isa = PBXBuildFile; fileRef = 498B8A96161A03A4001A4356 /* icon~ipad.png */; };
		498B8A99161A03C4001A4356 /* icon~ipad@2x.png in Resources */ = {isa = PBXBuildFile; fileRef = 498B8A98161A03C4001A4356 /* icon~ipad@2x.png */; };
		498B8AAE161A0AFA001A4356 /* CFNetwork.framework in Frameworks */ = {isa = PBXBuildFile; fileRef = 498B8AAD161A0AFA001A4356 /* CFNetwork.framework */; };
		498B8AB0161A0B00001A4356 /* Security.framework in Frameworks */ = {isa = PBXBuildFile; fileRef = 498B8AAF161A0B00001A4356 /* Security.framework */; };
		498B8AB2161A0B90001A4356 /* libicucore.dylib in Frameworks */ = {isa = PBXBuildFile; fileRef = 498B8AB1161A0B90001A4356 /* libicucore.dylib */; };
		498B8AB3161A0CB1001A4356 /* NavBar.png in Resources */ = {isa = PBXBuildFile; fileRef = 498B8A9E161A0A3A001A4356 /* NavBar.png */; };
		498B8AB4161A0CB1001A4356 /* NavBar@2x.png in Resources */ = {isa = PBXBuildFile; fileRef = 498B8A9F161A0A3A001A4356 /* NavBar@2x.png */; };
		498B8AB9161A10C5001A4356 /* NavButton.png in Resources */ = {isa = PBXBuildFile; fileRef = 498B8AB5161A10C4001A4356 /* NavButton.png */; };
		498B8ABA161A10C5001A4356 /* NavButton@2x.png in Resources */ = {isa = PBXBuildFile; fileRef = 498B8AB6161A10C4001A4356 /* NavButton@2x.png */; };
		498B8ABB161A10C5001A4356 /* NavButtonSelected.png in Resources */ = {isa = PBXBuildFile; fileRef = 498B8AB7161A10C4001A4356 /* NavButtonSelected.png */; };
		498B8ABC161A10C5001A4356 /* NavButtonSelected@2x.png in Resources */ = {isa = PBXBuildFile; fileRef = 498B8AB8161A10C5001A4356 /* NavButtonSelected@2x.png */; };
		498B8ABF161A13B0001A4356 /* ICWebSocketDelegate.m in Sources */ = {isa = PBXBuildFile; fileRef = 498B8ABE161A13AF001A4356 /* ICWebSocketDelegate.m */; };
		498B8AC5161A1953001A4356 /* ICLogInViewController.m in Sources */ = {isa = PBXBuildFile; fileRef = 498B8AC3161A1953001A4356 /* ICLogInViewController.m */; };
		498B8AC9161A1C16001A4356 /* ICTextCell.m in Sources */ = {isa = PBXBuildFile; fileRef = 498B8AC8161A1C16001A4356 /* ICTextCell.m */; };
		498E6D8A162A7B4D002BA7E5 /* ICBufferViewController.m in Sources */ = {isa = PBXBuildFile; fileRef = 498E6D89162A7B4D002BA7E5 /* ICBufferViewController.m */; };
		4992FFE61637C4C3008A7E8C /* UINavigationController+KeyboardDismiss.m in Sources */ = {isa = PBXBuildFile; fileRef = 4992FFE51637C4C3008A7E8C /* UINavigationController+KeyboardDismiss.m */; };
		499BCB9D1629B34F00A58167 /* LogIn_iPhone.storyboard in Resources */ = {isa = PBXBuildFile; fileRef = 499BCB9C1629B34F00A58167 /* LogIn_iPhone.storyboard */; };
		499BCBA31629BD2500A58167 /* ICRequest.m in Sources */ = {isa = PBXBuildFile; fileRef = 499BCBA21629BD2500A58167 /* ICRequest.m */; };
		499BCBA51629C34100A58167 /* MBProgressHUD.m in Sources */ = {isa = PBXBuildFile; fileRef = 499BCB9F1629BC1D00A58167 /* MBProgressHUD.m */; };
		49A72775162EDBDD007242E9 /* MainStoryboard_iPhone.storyboard in Resources */ = {isa = PBXBuildFile; fileRef = 49A72774162EDBDD007242E9 /* MainStoryboard_iPhone.storyboard */; };
		49A72777162EDBF1007242E9 /* MainStoryboard_iPad.storyboard in Resources */ = {isa = PBXBuildFile; fileRef = 49A72776162EDBF1007242E9 /* MainStoryboard_iPad.storyboard */; };
		49A92B74163EB82B00AE20C9 /* JSONKit.m in Sources */ = {isa = PBXBuildFile; fileRef = 49A92B72163EB7D800AE20C9 /* JSONKit.m */; settings = {COMPILER_FLAGS = "-fno-objc-arc"; }; };
		49FDF4B1162E763000AAE35D /* ICNotification.m in Sources */ = {isa = PBXBuildFile; fileRef = 49FDF4B0162E763000AAE35D /* ICNotification.m */; };
		49FDF4E4162ECD2C00AAE35D /* QuartzCore.framework in Frameworks */ = {isa = PBXBuildFile; fileRef = 49FDF4E3162ECD2C00AAE35D /* QuartzCore.framework */; };
		CF5FFA82165E30D300636DB0 /* ICAddViewController.m in Sources */ = {isa = PBXBuildFile; fileRef = CF5FFA81165E30D300636DB0 /* ICAddViewController.m */; };
		CF7D907B167438C40091402A /* Add_iPad.storyboard in Resources */ = {isa = PBXBuildFile; fileRef = CF7D907A167438C40091402A /* Add_iPad.storyboard */; };
		CFA11005165F46180056784B /* Add_iPhone.storyboard in Resources */ = {isa = PBXBuildFile; fileRef = CFA11004165F46180056784B /* Add_iPhone.storyboard */; };
		CFFFFA3B168A1F2000336EA4 /* AJNotificationView.m in Sources */ = {isa = PBXBuildFile; fileRef = CFFFFA3A168A1F2000336EA4 /* AJNotificationView.m */; };
/* End PBXBuildFile section */

/* Begin PBXContainerItemProxy section */
		482C38F61684351300721377 /* PBXContainerItemProxy */ = {
			isa = PBXContainerItemProxy;
			containerPortal = 482C38D51684351300721377 /* CoreTextSample.xcodeproj */;
			proxyType = 2;
			remoteGlobalIDString = D4111A1A151A7FEB00EF6CC0;
			remoteInfo = CoreTextSample;
		};
		49887DE8163D5D9B003773A7 /* PBXContainerItemProxy */ = {
			isa = PBXContainerItemProxy;
			containerPortal = 49887DE0163D5D9B003773A7 /* UnittWebSocketClient.xcodeproj */;
			proxyType = 2;
			remoteGlobalIDString = BD0C3248136FA7CB008B53D7;
			remoteInfo = UnittWebSocketClient;
		};
		49887DEA163D5D9B003773A7 /* PBXContainerItemProxy */ = {
			isa = PBXContainerItemProxy;
			containerPortal = 49887DE0163D5D9B003773A7 /* UnittWebSocketClient.xcodeproj */;
			proxyType = 2;
			remoteGlobalIDString = BD0C3255136FA7CB008B53D7;
			remoteInfo = UnittWebSocketClientTests;
		};
/* End PBXContainerItemProxy section */

/* Begin PBXFileReference section */
		480F3EEF165DEA82005079F1 /* ICParser.h */ = {isa = PBXFileReference; fileEncoding = 4; lastKnownFileType = sourcecode.c.h; path = ICParser.h; sourceTree = "<group>"; };
		480F3EF0165DEA82005079F1 /* ICParser.m */ = {isa = PBXFileReference; fileEncoding = 4; lastKnownFileType = sourcecode.c.objc; path = ICParser.m; sourceTree = "<group>"; };
		482C38BF1684351300721377 /* CoreTextSample-Info.plist */ = {isa = PBXFileReference; fileEncoding = 4; lastKnownFileType = text.plist.xml; path = "CoreTextSample-Info.plist"; sourceTree = "<group>"; };
		482C38C01684351300721377 /* CoreTextSample-Prefix.pch */ = {isa = PBXFileReference; fileEncoding = 4; lastKnownFileType = sourcecode.c.h; path = "CoreTextSample-Prefix.pch"; sourceTree = "<group>"; };
		482C38C11684351300721377 /* Default-568h@2x.png */ = {isa = PBXFileReference; lastKnownFileType = image.png; path = "Default-568h@2x.png"; sourceTree = "<group>"; };
		482C38C21684351300721377 /* Default.png */ = {isa = PBXFileReference; lastKnownFileType = image.png; path = Default.png; sourceTree = "<group>"; };
		482C38C31684351300721377 /* Default@2x.png */ = {isa = PBXFileReference; lastKnownFileType = image.png; path = "Default@2x.png"; sourceTree = "<group>"; };
		482C38C51684351300721377 /* en */ = {isa = PBXFileReference; lastKnownFileType = text.plist.strings; name = en; path = en.lproj/InfoPlist.strings; sourceTree = "<group>"; };
		482C38C71684351300721377 /* en */ = {isa = PBXFileReference; lastKnownFileType = file.storyboard; name = en; path = en.lproj/MainStoryboard_iPad.storyboard; sourceTree = "<group>"; };
		482C38C91684351300721377 /* en */ = {isa = PBXFileReference; lastKnownFileType = file.storyboard; name = en; path = en.lproj/MainStoryboard_iPhone.storyboard; sourceTree = "<group>"; };
		482C38CA1684351300721377 /* fez.png */ = {isa = PBXFileReference; lastKnownFileType = image.png; path = fez.png; sourceTree = "<group>"; };
		482C38CB1684351300721377 /* fez@2x.png */ = {isa = PBXFileReference; lastKnownFileType = image.png; path = "fez@2x.png"; sourceTree = "<group>"; };
		482C38CC1684351300721377 /* logo-114.png */ = {isa = PBXFileReference; lastKnownFileType = image.png; path = "logo-114.png"; sourceTree = "<group>"; };
		482C38CD1684351300721377 /* logo-150.png */ = {isa = PBXFileReference; lastKnownFileType = image.png; path = "logo-150.png"; sourceTree = "<group>"; };
		482C38CE1684351300721377 /* logo-57.png */ = {isa = PBXFileReference; lastKnownFileType = image.png; path = "logo-57.png"; sourceTree = "<group>"; };
		482C38CF1684351300721377 /* logo-74.png */ = {isa = PBXFileReference; lastKnownFileType = image.png; path = "logo-74.png"; sourceTree = "<group>"; };
		482C38D01684351300721377 /* main.m */ = {isa = PBXFileReference; fileEncoding = 4; lastKnownFileType = sourcecode.c.objc; path = main.m; sourceTree = "<group>"; };
		482C38D11684351300721377 /* NMAppDelegate.h */ = {isa = PBXFileReference; fileEncoding = 4; lastKnownFileType = sourcecode.c.h; path = NMAppDelegate.h; sourceTree = "<group>"; };
		482C38D21684351300721377 /* NMAppDelegate.m */ = {isa = PBXFileReference; fileEncoding = 4; lastKnownFileType = sourcecode.c.objc; path = NMAppDelegate.m; sourceTree = "<group>"; };
		482C38D31684351300721377 /* NMViewController.h */ = {isa = PBXFileReference; fileEncoding = 4; lastKnownFileType = sourcecode.c.h; path = NMViewController.h; sourceTree = "<group>"; };
		482C38D41684351300721377 /* NMViewController.m */ = {isa = PBXFileReference; fileEncoding = 4; lastKnownFileType = sourcecode.c.objc; path = NMViewController.m; sourceTree = "<group>"; };
		482C38D51684351300721377 /* CoreTextSample.xcodeproj */ = {isa = PBXFileReference; lastKnownFileType = "wrapper.pb-project"; path = CoreTextSample.xcodeproj; sourceTree = "<group>"; };
		482C38D81684351300721377 /* README.md */ = {isa = PBXFileReference; fileEncoding = 4; lastKnownFileType = text; path = README.md; sourceTree = "<group>"; };
		482C38DA1684351300721377 /* NMCustomLabel.h */ = {isa = PBXFileReference; fileEncoding = 4; lastKnownFileType = sourcecode.c.h; path = NMCustomLabel.h; sourceTree = "<group>"; };
		482C38DB1684351300721377 /* NMCustomLabel.m */ = {isa = PBXFileReference; fileEncoding = 4; lastKnownFileType = sourcecode.c.objc; path = NMCustomLabel.m; sourceTree = "<group>"; };
		482C38DC1684351300721377 /* NMCustomLabelStyle.h */ = {isa = PBXFileReference; fileEncoding = 4; lastKnownFileType = sourcecode.c.h; path = NMCustomLabelStyle.h; sourceTree = "<group>"; };
		482C38DD1684351300721377 /* NMCustomLabelStyle.m */ = {isa = PBXFileReference; fileEncoding = 4; lastKnownFileType = sourcecode.c.objc; path = NMCustomLabelStyle.m; sourceTree = "<group>"; };
		484BEC5416807B820030F68C /* CoreText.framework */ = {isa = PBXFileReference; lastKnownFileType = wrapper.framework; name = CoreText.framework; path = System/Library/Frameworks/CoreText.framework; sourceTree = SDKROOT; };
		486F343016837C4E00B591B3 /* Default@2x.png */ = {isa = PBXFileReference; lastKnownFileType = image.png; name = "Default@2x.png"; path = "../Default@2x.png"; sourceTree = "<group>"; };
		48DB7200165D30F400646E6F /* ICController.h */ = {isa = PBXFileReference; fileEncoding = 4; lastKnownFileType = sourcecode.c.h; path = ICController.h; sourceTree = "<group>"; };
		48DB7201165D30F400646E6F /* ICController.m */ = {isa = PBXFileReference; fileEncoding = 4; lastKnownFileType = sourcecode.c.objc; path = ICController.m; sourceTree = "<group>"; };
		48DB7203165D31B800646E6F /* ICNetwork.h */ = {isa = PBXFileReference; fileEncoding = 4; lastKnownFileType = sourcecode.c.h; path = ICNetwork.h; sourceTree = "<group>"; };
		48DB7204165D31B800646E6F /* ICNetwork.m */ = {isa = PBXFileReference; fileEncoding = 4; lastKnownFileType = sourcecode.c.objc; path = ICNetwork.m; sourceTree = "<group>"; };
		48DB7207165D3C3300646E6F /* ICChannel.h */ = {isa = PBXFileReference; fileEncoding = 4; lastKnownFileType = sourcecode.c.h; path = ICChannel.h; sourceTree = "<group>"; };
		48DB7208165D3C3300646E6F /* ICChannel.m */ = {isa = PBXFileReference; fileEncoding = 4; lastKnownFileType = sourcecode.c.objc; path = ICChannel.m; sourceTree = "<group>"; };
		48FC816B16604B1900930F38 /* ICBuffer.h */ = {isa = PBXFileReference; fileEncoding = 4; lastKnownFileType = sourcecode.c.h; path = ICBuffer.h; sourceTree = "<group>"; };
		48FC816C16604B1900930F38 /* ICBuffer.m */ = {isa = PBXFileReference; fileEncoding = 4; lastKnownFileType = sourcecode.c.objc; path = ICBuffer.m; sourceTree = "<group>"; };
		48FD270B167E0E46004B2863 /* .gitignore */ = {isa = PBXFileReference; fileEncoding = 4; lastKnownFileType = text; path = .gitignore; sourceTree = "<group>"; };
		48FD271C167E0E46004B2863 /* LICENSE */ = {isa = PBXFileReference; fileEncoding = 4; lastKnownFileType = text; path = LICENSE; sourceTree = "<group>"; };
		48FD271D167E0E46004B2863 /* README.md */ = {isa = PBXFileReference; fileEncoding = 4; lastKnownFileType = text; path = README.md; sourceTree = "<group>"; };
		48FD271F167E0E46004B2863 /* TTTAttributedLabel.h */ = {isa = PBXFileReference; fileEncoding = 4; lastKnownFileType = sourcecode.c.h; path = TTTAttributedLabel.h; sourceTree = "<group>"; };
		48FD2720167E0E46004B2863 /* TTTAttributedLabel.m */ = {isa = PBXFileReference; fileEncoding = 4; lastKnownFileType = sourcecode.c.objc; path = TTTAttributedLabel.m; sourceTree = "<group>"; };
		48FD2721167E0E46004B2863 /* TTTAttributedLabel.podspec */ = {isa = PBXFileReference; fileEncoding = 4; lastKnownFileType = text; path = TTTAttributedLabel.podspec; sourceTree = "<group>"; };
		48FD2722167E0E46004B2863 /* TTTAttributedLabel.xcworkspace */ = {isa = PBXFileReference; lastKnownFileType = wrapper.workspace; path = TTTAttributedLabel.xcworkspace; sourceTree = "<group>"; };
		4907B6111636980500022D54 /* LogIn_iPad.storyboard */ = {isa = PBXFileReference; fileEncoding = 4; lastKnownFileType = file.storyboard; path = LogIn_iPad.storyboard; sourceTree = "<group>"; };
		49887DE0163D5D9B003773A7 /* UnittWebSocketClient.xcodeproj */ = {isa = PBXFileReference; lastKnownFileType = "wrapper.pb-project"; name = UnittWebSocketClient.xcodeproj; path = UnittWebSocketClient/UnittWebSocketClient.xcodeproj; sourceTree = "<group>"; };
		498B8A5F1619F8B4001A4356 /* IRCCloud.app */ = {isa = PBXFileReference; explicitFileType = wrapper.application; includeInIndex = 0; path = IRCCloud.app; sourceTree = BUILT_PRODUCTS_DIR; };
		498B8A631619F8B4001A4356 /* UIKit.framework */ = {isa = PBXFileReference; lastKnownFileType = wrapper.framework; name = UIKit.framework; path = System/Library/Frameworks/UIKit.framework; sourceTree = SDKROOT; };
		498B8A651619F8B4001A4356 /* Foundation.framework */ = {isa = PBXFileReference; lastKnownFileType = wrapper.framework; name = Foundation.framework; path = System/Library/Frameworks/Foundation.framework; sourceTree = SDKROOT; };
		498B8A671619F8B4001A4356 /* CoreGraphics.framework */ = {isa = PBXFileReference; lastKnownFileType = wrapper.framework; name = CoreGraphics.framework; path = System/Library/Frameworks/CoreGraphics.framework; sourceTree = SDKROOT; };
		498B8A6B1619F8B4001A4356 /* IRCCloud-Info.plist */ = {isa = PBXFileReference; lastKnownFileType = text.plist.xml; path = "IRCCloud-Info.plist"; sourceTree = "<group>"; };
		498B8A6F1619F8B4001A4356 /* main.m */ = {isa = PBXFileReference; lastKnownFileType = sourcecode.c.objc; path = main.m; sourceTree = "<group>"; };
		498B8A711619F8B4001A4356 /* IRCCloud-Prefix.pch */ = {isa = PBXFileReference; lastKnownFileType = sourcecode.c.h; path = "IRCCloud-Prefix.pch"; sourceTree = "<group>"; };
		498B8A721619F8B4001A4356 /* ICAppDelegate.h */ = {isa = PBXFileReference; lastKnownFileType = sourcecode.c.h; path = ICAppDelegate.h; sourceTree = "<group>"; };
		498B8A731619F8B4001A4356 /* ICAppDelegate.m */ = {isa = PBXFileReference; lastKnownFileType = sourcecode.c.objc; path = ICAppDelegate.m; sourceTree = "<group>"; };
		498B8A751619F8B4001A4356 /* Default.png */ = {isa = PBXFileReference; lastKnownFileType = image.png; path = Default.png; sourceTree = "<group>"; };
		498B8A791619F8B4001A4356 /* Default-568h@2x.png */ = {isa = PBXFileReference; lastKnownFileType = image.png; path = "Default-568h@2x.png"; sourceTree = "<group>"; };
		498B8A811619F8B5001A4356 /* ICMasterViewController.h */ = {isa = PBXFileReference; lastKnownFileType = sourcecode.c.h; path = ICMasterViewController.h; sourceTree = "<group>"; };
		498B8A821619F8B5001A4356 /* ICMasterViewController.m */ = {isa = PBXFileReference; lastKnownFileType = sourcecode.c.objc; path = ICMasterViewController.m; sourceTree = "<group>"; };
		498B8A92161A036B001A4356 /* icon.png */ = {isa = PBXFileReference; lastKnownFileType = image.png; name = icon.png; path = ../icon.png; sourceTree = "<group>"; };
		498B8A94161A0382001A4356 /* icon@2x.png */ = {isa = PBXFileReference; lastKnownFileType = image.png; name = "icon@2x.png"; path = "../icon@2x.png"; sourceTree = "<group>"; };
		498B8A96161A03A4001A4356 /* icon~ipad.png */ = {isa = PBXFileReference; lastKnownFileType = image.png; name = "icon~ipad.png"; path = "../icon~ipad.png"; sourceTree = "<group>"; };
		498B8A98161A03C4001A4356 /* icon~ipad@2x.png */ = {isa = PBXFileReference; lastKnownFileType = image.png; name = "icon~ipad@2x.png"; path = "../icon~ipad@2x.png"; sourceTree = "<group>"; };
		498B8A9E161A0A3A001A4356 /* NavBar.png */ = {isa = PBXFileReference; lastKnownFileType = image.png; path = NavBar.png; sourceTree = "<group>"; };
		498B8A9F161A0A3A001A4356 /* NavBar@2x.png */ = {isa = PBXFileReference; lastKnownFileType = image.png; path = "NavBar@2x.png"; sourceTree = "<group>"; };
		498B8AAD161A0AFA001A4356 /* CFNetwork.framework */ = {isa = PBXFileReference; lastKnownFileType = wrapper.framework; name = CFNetwork.framework; path = System/Library/Frameworks/CFNetwork.framework; sourceTree = SDKROOT; };
		498B8AAF161A0B00001A4356 /* Security.framework */ = {isa = PBXFileReference; lastKnownFileType = wrapper.framework; name = Security.framework; path = System/Library/Frameworks/Security.framework; sourceTree = SDKROOT; };
		498B8AB1161A0B90001A4356 /* libicucore.dylib */ = {isa = PBXFileReference; lastKnownFileType = "compiled.mach-o.dylib"; name = libicucore.dylib; path = usr/lib/libicucore.dylib; sourceTree = SDKROOT; };
		498B8AB5161A10C4001A4356 /* NavButton.png */ = {isa = PBXFileReference; lastKnownFileType = image.png; path = NavButton.png; sourceTree = "<group>"; };
		498B8AB6161A10C4001A4356 /* NavButton@2x.png */ = {isa = PBXFileReference; lastKnownFileType = image.png; path = "NavButton@2x.png"; sourceTree = "<group>"; };
		498B8AB7161A10C4001A4356 /* NavButtonSelected.png */ = {isa = PBXFileReference; lastKnownFileType = image.png; path = NavButtonSelected.png; sourceTree = "<group>"; };
		498B8AB8161A10C5001A4356 /* NavButtonSelected@2x.png */ = {isa = PBXFileReference; lastKnownFileType = image.png; path = "NavButtonSelected@2x.png"; sourceTree = "<group>"; };
		498B8ABD161A13AF001A4356 /* ICWebSocketDelegate.h */ = {isa = PBXFileReference; fileEncoding = 4; lastKnownFileType = sourcecode.c.h; path = ICWebSocketDelegate.h; sourceTree = "<group>"; };
		498B8ABE161A13AF001A4356 /* ICWebSocketDelegate.m */ = {isa = PBXFileReference; fileEncoding = 4; lastKnownFileType = sourcecode.c.objc; path = ICWebSocketDelegate.m; sourceTree = "<group>"; };
		498B8AC2161A1953001A4356 /* ICLogInViewController.h */ = {isa = PBXFileReference; fileEncoding = 4; lastKnownFileType = sourcecode.c.h; path = ICLogInViewController.h; sourceTree = "<group>"; };
		498B8AC3161A1953001A4356 /* ICLogInViewController.m */ = {isa = PBXFileReference; fileEncoding = 4; lastKnownFileType = sourcecode.c.objc; path = ICLogInViewController.m; sourceTree = "<group>"; };
		498B8AC7161A1C16001A4356 /* ICTextCell.h */ = {isa = PBXFileReference; fileEncoding = 4; lastKnownFileType = sourcecode.c.h; path = ICTextCell.h; sourceTree = "<group>"; };
		498B8AC8161A1C16001A4356 /* ICTextCell.m */ = {isa = PBXFileReference; fileEncoding = 4; lastKnownFileType = sourcecode.c.objc; path = ICTextCell.m; sourceTree = "<group>"; };
		498E6D88162A7B4D002BA7E5 /* ICBufferViewController.h */ = {isa = PBXFileReference; fileEncoding = 4; lastKnownFileType = sourcecode.c.h; path = ICBufferViewController.h; sourceTree = "<group>"; };
		498E6D89162A7B4D002BA7E5 /* ICBufferViewController.m */ = {isa = PBXFileReference; fileEncoding = 4; lastKnownFileType = sourcecode.c.objc; path = ICBufferViewController.m; sourceTree = "<group>"; };
		4992FFE41637C4C2008A7E8C /* UINavigationController+KeyboardDismiss.h */ = {isa = PBXFileReference; fileEncoding = 4; lastKnownFileType = sourcecode.c.h; path = "UINavigationController+KeyboardDismiss.h"; sourceTree = "<group>"; };
		4992FFE51637C4C3008A7E8C /* UINavigationController+KeyboardDismiss.m */ = {isa = PBXFileReference; fileEncoding = 4; lastKnownFileType = sourcecode.c.objc; path = "UINavigationController+KeyboardDismiss.m"; sourceTree = "<group>"; };
		499BCB9C1629B34F00A58167 /* LogIn_iPhone.storyboard */ = {isa = PBXFileReference; fileEncoding = 4; lastKnownFileType = file.storyboard; path = LogIn_iPhone.storyboard; sourceTree = "<group>"; };
		499BCB9E1629BC1D00A58167 /* MBProgressHUD.h */ = {isa = PBXFileReference; lastKnownFileType = sourcecode.c.h; name = MBProgressHUD.h; path = MBProgressHUD/MBProgressHUD.h; sourceTree = "<group>"; };
		499BCB9F1629BC1D00A58167 /* MBProgressHUD.m */ = {isa = PBXFileReference; lastKnownFileType = sourcecode.c.objc; name = MBProgressHUD.m; path = MBProgressHUD/MBProgressHUD.m; sourceTree = "<group>"; };
		499BCBA11629BD2400A58167 /* ICRequest.h */ = {isa = PBXFileReference; fileEncoding = 4; lastKnownFileType = sourcecode.c.h; path = ICRequest.h; sourceTree = "<group>"; };
		499BCBA21629BD2500A58167 /* ICRequest.m */ = {isa = PBXFileReference; fileEncoding = 4; lastKnownFileType = sourcecode.c.objc; path = ICRequest.m; sourceTree = "<group>"; };
		49A72774162EDBDD007242E9 /* MainStoryboard_iPhone.storyboard */ = {isa = PBXFileReference; fileEncoding = 4; lastKnownFileType = file.storyboard; path = MainStoryboard_iPhone.storyboard; sourceTree = "<group>"; };
		49A72776162EDBF1007242E9 /* MainStoryboard_iPad.storyboard */ = {isa = PBXFileReference; fileEncoding = 4; lastKnownFileType = file.storyboard; path = MainStoryboard_iPad.storyboard; sourceTree = "<group>"; };
		49A92B71163EB7D800AE20C9 /* JSONKit.h */ = {isa = PBXFileReference; lastKnownFileType = sourcecode.c.h; name = JSONKit.h; path = JSONKit/JSONKit.h; sourceTree = "<group>"; };
		49A92B72163EB7D800AE20C9 /* JSONKit.m */ = {isa = PBXFileReference; lastKnownFileType = sourcecode.c.objc; name = JSONKit.m; path = JSONKit/JSONKit.m; sourceTree = "<group>"; };
		49FDF4AF162E763000AAE35D /* ICNotification.h */ = {isa = PBXFileReference; fileEncoding = 4; lastKnownFileType = sourcecode.c.h; path = ICNotification.h; sourceTree = "<group>"; };
		49FDF4B0162E763000AAE35D /* ICNotification.m */ = {isa = PBXFileReference; fileEncoding = 4; lastKnownFileType = sourcecode.c.objc; path = ICNotification.m; sourceTree = "<group>"; };
		49FDF4E3162ECD2C00AAE35D /* QuartzCore.framework */ = {isa = PBXFileReference; lastKnownFileType = wrapper.framework; name = QuartzCore.framework; path = System/Library/Frameworks/QuartzCore.framework; sourceTree = SDKROOT; };
		CF5FFA80165E30D300636DB0 /* ICAddViewController.h */ = {isa = PBXFileReference; fileEncoding = 4; lastKnownFileType = sourcecode.c.h; path = ICAddViewController.h; sourceTree = "<group>"; };
		CF5FFA81165E30D300636DB0 /* ICAddViewController.m */ = {isa = PBXFileReference; fileEncoding = 4; lastKnownFileType = sourcecode.c.objc; path = ICAddViewController.m; sourceTree = "<group>"; };
		CF7D907A167438C40091402A /* Add_iPad.storyboard */ = {isa = PBXFileReference; fileEncoding = 4; lastKnownFileType = file.storyboard; path = Add_iPad.storyboard; sourceTree = "<group>"; };
		CFA11004165F46180056784B /* Add_iPhone.storyboard */ = {isa = PBXFileReference; fileEncoding = 4; lastKnownFileType = file.storyboard; path = Add_iPhone.storyboard; sourceTree = "<group>"; };
		CFFFFA39168A1F2000336EA4 /* AJNotificationView.h */ = {isa = PBXFileReference; fileEncoding = 4; lastKnownFileType = sourcecode.c.h; name = AJNotificationView.h; path = AJNotificationView/AJNotificationView.h; sourceTree = "<group>"; };
		CFFFFA3A168A1F2000336EA4 /* AJNotificationView.m */ = {isa = PBXFileReference; fileEncoding = 4; lastKnownFileType = sourcecode.c.objc; name = AJNotificationView.m; path = AJNotificationView/AJNotificationView.m; sourceTree = "<group>"; };
/* End PBXFileReference section */

/* Begin PBXFrameworksBuildPhase section */
		498B8A5C1619F8B4001A4356 /* Frameworks */ = {
			isa = PBXFrameworksBuildPhase;
			buildActionMask = 2147483647;
			files = (
				484BEC5516807B820030F68C /* CoreText.framework in Frameworks */,
				498B8AB2161A0B90001A4356 /* libicucore.dylib in Frameworks */,
				498B8AB0161A0B00001A4356 /* Security.framework in Frameworks */,
				498B8AAE161A0AFA001A4356 /* CFNetwork.framework in Frameworks */,
				498B8A641619F8B4001A4356 /* UIKit.framework in Frameworks */,
				498B8A661619F8B4001A4356 /* Foundation.framework in Frameworks */,
				498B8A681619F8B4001A4356 /* CoreGraphics.framework in Frameworks */,
				49FDF4E4162ECD2C00AAE35D /* QuartzCore.framework in Frameworks */,
				48DB71FC165D303500646E6F /* libUnittWebSocketClient.a in Frameworks */,
			);
			runOnlyForDeploymentPostprocessing = 0;
		};
/* End PBXFrameworksBuildPhase section */

/* Begin PBXGroup section */
		482C38BC1684351300721377 /* Core-Text-Label */ = {
			isa = PBXGroup;
			children = (
				482C38BD1684351300721377 /* CoreTextSample */,
				482C38D81684351300721377 /* README.md */,
				482C38D91684351300721377 /* src */,
			);
			path = "Core-Text-Label";
			sourceTree = "<group>";
		};
		482C38BD1684351300721377 /* CoreTextSample */ = {
			isa = PBXGroup;
			children = (
				482C38BE1684351300721377 /* CoreTextSample */,
				482C38D51684351300721377 /* CoreTextSample.xcodeproj */,
			);
			path = CoreTextSample;
			sourceTree = "<group>";
		};
		482C38BE1684351300721377 /* CoreTextSample */ = {
			isa = PBXGroup;
			children = (
				482C38BF1684351300721377 /* CoreTextSample-Info.plist */,
				482C38C01684351300721377 /* CoreTextSample-Prefix.pch */,
				482C38C11684351300721377 /* Default-568h@2x.png */,
				482C38C21684351300721377 /* Default.png */,
				482C38C31684351300721377 /* Default@2x.png */,
				482C38C41684351300721377 /* InfoPlist.strings */,
				482C38C61684351300721377 /* MainStoryboard_iPad.storyboard */,
				482C38C81684351300721377 /* MainStoryboard_iPhone.storyboard */,
				482C38CA1684351300721377 /* fez.png */,
				482C38CB1684351300721377 /* fez@2x.png */,
				482C38CC1684351300721377 /* logo-114.png */,
				482C38CD1684351300721377 /* logo-150.png */,
				482C38CE1684351300721377 /* logo-57.png */,
				482C38CF1684351300721377 /* logo-74.png */,
				482C38D01684351300721377 /* main.m */,
				482C38D11684351300721377 /* NMAppDelegate.h */,
				482C38D21684351300721377 /* NMAppDelegate.m */,
				482C38D31684351300721377 /* NMViewController.h */,
				482C38D41684351300721377 /* NMViewController.m */,
			);
			path = CoreTextSample;
			sourceTree = "<group>";
		};
		482C38D61684351300721377 /* Products */ = {
			isa = PBXGroup;
			children = (
				482C38F71684351300721377 /* CoreTextSample.app */,
			);
			name = Products;
			sourceTree = "<group>";
		};
		482C38D91684351300721377 /* src */ = {
			isa = PBXGroup;
			children = (
				482C38DA1684351300721377 /* NMCustomLabel.h */,
				482C38DB1684351300721377 /* NMCustomLabel.m */,
				482C38DC1684351300721377 /* NMCustomLabelStyle.h */,
				482C38DD1684351300721377 /* NMCustomLabelStyle.m */,
			);
			path = src;
			sourceTree = "<group>";
		};
		48DB71FD165D307D00646E6F /* Images */ = {
			isa = PBXGroup;
			children = (
				486F343016837C4E00B591B3 /* Default@2x.png */,
				498B8A98161A03C4001A4356 /* icon~ipad@2x.png */,
				498B8A96161A03A4001A4356 /* icon~ipad.png */,
				498B8A94161A0382001A4356 /* icon@2x.png */,
				498B8A92161A036B001A4356 /* icon.png */,
				498B8A9E161A0A3A001A4356 /* NavBar.png */,
				498B8A9F161A0A3A001A4356 /* NavBar@2x.png */,
				498B8AB5161A10C4001A4356 /* NavButton.png */,
				498B8AB6161A10C4001A4356 /* NavButton@2x.png */,
				498B8AB7161A10C4001A4356 /* NavButtonSelected.png */,
				498B8AB8161A10C5001A4356 /* NavButtonSelected@2x.png */,
				498B8A751619F8B4001A4356 /* Default.png */,
				498B8A791619F8B4001A4356 /* Default-568h@2x.png */,
			);
			name = Images;
			sourceTree = "<group>";
		};
		48DB71FE165D309200646E6F /* Convenience Classes */ = {
			isa = PBXGroup;
			children = (
				49FDF4AF162E763000AAE35D /* ICNotification.h */,
				49FDF4B0162E763000AAE35D /* ICNotification.m */,
				498B8AC7161A1C16001A4356 /* ICTextCell.h */,
				498B8AC8161A1C16001A4356 /* ICTextCell.m */,
				499BCBA11629BD2400A58167 /* ICRequest.h */,
				499BCBA21629BD2500A58167 /* ICRequest.m */,
			);
			name = "Convenience Classes";
			sourceTree = "<group>";
		};
		48DB71FF165D309C00646E6F /* View Controllers */ = {
			isa = PBXGroup;
			children = (
				CF5FFA7F165E2ED100636DB0 /* Main */,
				CF5FFA7E165E2E7800636DB0 /* Add */,
				4907B6131636980D00022D54 /* Log In */,
			);
			name = "View Controllers";
			sourceTree = "<group>";
		};
		48DB7206165D31BD00646E6F /* Model */ = {
			isa = PBXGroup;
			children = (
				480F3EEF165DEA82005079F1 /* ICParser.h */,
				480F3EF0165DEA82005079F1 /* ICParser.m */,
				48DB7203165D31B800646E6F /* ICNetwork.h */,
				48DB7204165D31B800646E6F /* ICNetwork.m */,
				48FC816E16604B2E00930F38 /* Buffers */,
			);
			name = Model;
			sourceTree = "<group>";
		};
		48FC816E16604B2E00930F38 /* Buffers */ = {
			isa = PBXGroup;
			children = (
				48FC816B16604B1900930F38 /* ICBuffer.h */,
				48FC816C16604B1900930F38 /* ICBuffer.m */,
				48DB7207165D3C3300646E6F /* ICChannel.h */,
				48DB7208165D3C3300646E6F /* ICChannel.m */,
			);
			name = Buffers;
			sourceTree = "<group>";
		};
		48FD270A167E0E46004B2863 /* TTTAttributedLabel */ = {
			isa = PBXGroup;
			children = (
				48FD270B167E0E46004B2863 /* .gitignore */,
				48FD271C167E0E46004B2863 /* LICENSE */,
				48FD271D167E0E46004B2863 /* README.md */,
				48FD271E167E0E46004B2863 /* TTTAttributedLabel */,
				48FD2721167E0E46004B2863 /* TTTAttributedLabel.podspec */,
				48FD2722167E0E46004B2863 /* TTTAttributedLabel.xcworkspace */,
			);
			path = TTTAttributedLabel;
			sourceTree = "<group>";
		};
		48FD271E167E0E46004B2863 /* TTTAttributedLabel */ = {
			isa = PBXGroup;
			children = (
				48FD271F167E0E46004B2863 /* TTTAttributedLabel.h */,
				48FD2720167E0E46004B2863 /* TTTAttributedLabel.m */,
			);
			path = TTTAttributedLabel;
			sourceTree = "<group>";
		};
		4907B6131636980D00022D54 /* Log In */ = {
			isa = PBXGroup;
			children = (
				499BCB9C1629B34F00A58167 /* LogIn_iPhone.storyboard */,
				4907B6111636980500022D54 /* LogIn_iPad.storyboard */,
				498B8AC2161A1953001A4356 /* ICLogInViewController.h */,
				498B8AC3161A1953001A4356 /* ICLogInViewController.m */,
			);
			name = "Log In";
			sourceTree = "<group>";
		};
		49887DE1163D5D9B003773A7 /* Products */ = {
			isa = PBXGroup;
			children = (
				49887DE9163D5D9B003773A7 /* libUnittWebSocketClient.a */,
				49887DEB163D5D9B003773A7 /* UnittWebSocketClientTests.octest */,
			);
			name = Products;
			sourceTree = "<group>";
		};
		498B8A541619F8B4001A4356 = {
			isa = PBXGroup;
			children = (
				498B8A691619F8B4001A4356 /* IRCCloud */,
				498B8A621619F8B4001A4356 /* Frameworks */,
				482C38BC1684351300721377 /* Core-Text-Label */,
				498E6D8C162A9489002BA7E5 /* AJNotificationView */,
				499BCBA01629BC2300A58167 /* MBProgressHUD */,
				49A92B73163EB7DC00AE20C9 /* JSONKit */,
				48FD270A167E0E46004B2863 /* TTTAttributedLabel */,
				498B8A601619F8B4001A4356 /* Products */,
			);
			sourceTree = "<group>";
		};
		498B8A601619F8B4001A4356 /* Products */ = {
			isa = PBXGroup;
			children = (
				498B8A5F1619F8B4001A4356 /* IRCCloud.app */,
			);
			name = Products;
			sourceTree = "<group>";
		};
		498B8A621619F8B4001A4356 /* Frameworks */ = {
			isa = PBXGroup;
			children = (
				49887DE0163D5D9B003773A7 /* UnittWebSocketClient.xcodeproj */,
				498B8AB1161A0B90001A4356 /* libicucore.dylib */,
				498B8AAD161A0AFA001A4356 /* CFNetwork.framework */,
				498B8A671619F8B4001A4356 /* CoreGraphics.framework */,
				498B8A651619F8B4001A4356 /* Foundation.framework */,
				49FDF4E3162ECD2C00AAE35D /* QuartzCore.framework */,
				498B8AAF161A0B00001A4356 /* Security.framework */,
				484BEC5416807B820030F68C /* CoreText.framework */,
				498B8A631619F8B4001A4356 /* UIKit.framework */,
			);
			name = Frameworks;
			sourceTree = "<group>";
		};
		498B8A691619F8B4001A4356 /* IRCCloud */ = {
			isa = PBXGroup;
			children = (
				498B8A721619F8B4001A4356 /* ICAppDelegate.h */,
				498B8A731619F8B4001A4356 /* ICAppDelegate.m */,
				498B8ABD161A13AF001A4356 /* ICWebSocketDelegate.h */,
				498B8ABE161A13AF001A4356 /* ICWebSocketDelegate.m */,
				48DB7200165D30F400646E6F /* ICController.h */,
				48DB7201165D30F400646E6F /* ICController.m */,
				48DB7206165D31BD00646E6F /* Model */,
				48DB71FE165D309200646E6F /* Convenience Classes */,
				48DB71FF165D309C00646E6F /* View Controllers */,
				498B8A6A1619F8B4001A4356 /* Supporting Files */,
			);
			path = IRCCloud;
			sourceTree = "<group>";
		};
		498B8A6A1619F8B4001A4356 /* Supporting Files */ = {
			isa = PBXGroup;
			children = (
				498B8A6B1619F8B4001A4356 /* IRCCloud-Info.plist */,
				498B8A6F1619F8B4001A4356 /* main.m */,
				498B8A711619F8B4001A4356 /* IRCCloud-Prefix.pch */,
				4992FFE41637C4C2008A7E8C /* UINavigationController+KeyboardDismiss.h */,
				4992FFE51637C4C3008A7E8C /* UINavigationController+KeyboardDismiss.m */,
				48DB71FD165D307D00646E6F /* Images */,
			);
			name = "Supporting Files";
			sourceTree = "<group>";
		};
		498E6D8C162A9489002BA7E5 /* AJNotificationView */ = {
			isa = PBXGroup;
			children = (
				CFFFFA39168A1F2000336EA4 /* AJNotificationView.h */,
				CFFFFA3A168A1F2000336EA4 /* AJNotificationView.m */,
			);
			path = AJNotificationView;
			sourceTree = "<group>";
		};
		499BCBA01629BC2300A58167 /* MBProgressHUD */ = {
			isa = PBXGroup;
			children = (
				499BCB9E1629BC1D00A58167 /* MBProgressHUD.h */,
				499BCB9F1629BC1D00A58167 /* MBProgressHUD.m */,
			);
			name = MBProgressHUD;
			sourceTree = "<group>";
		};
		49A92B73163EB7DC00AE20C9 /* JSONKit */ = {
			isa = PBXGroup;
			children = (
				49A92B71163EB7D800AE20C9 /* JSONKit.h */,
				49A92B72163EB7D800AE20C9 /* JSONKit.m */,
			);
			name = JSONKit;
			sourceTree = "<group>";
		};
		CF5FFA7E165E2E7800636DB0 /* Add */ = {
			isa = PBXGroup;
			children = (
				CFA11004165F46180056784B /* Add_iPhone.storyboard */,
				CF7D907A167438C40091402A /* Add_iPad.storyboard */,
				CF5FFA80165E30D300636DB0 /* ICAddViewController.h */,
				CF5FFA81165E30D300636DB0 /* ICAddViewController.m */,
			);
			name = Add;
			sourceTree = "<group>";
		};
		CF5FFA7F165E2ED100636DB0 /* Main */ = {
			isa = PBXGroup;
			children = (
				498B8A811619F8B5001A4356 /* ICMasterViewController.h */,
				498B8A821619F8B5001A4356 /* ICMasterViewController.m */,
				498E6D88162A7B4D002BA7E5 /* ICBufferViewController.h */,
				498E6D89162A7B4D002BA7E5 /* ICBufferViewController.m */,
				49A72774162EDBDD007242E9 /* MainStoryboard_iPhone.storyboard */,
				49A72776162EDBF1007242E9 /* MainStoryboard_iPad.storyboard */,
			);
			name = Main;
			sourceTree = "<group>";
		};
/* End PBXGroup section */

/* Begin PBXNativeTarget section */
		498B8A5E1619F8B4001A4356 /* IRCCloud */ = {
			isa = PBXNativeTarget;
			buildConfigurationList = 498B8A891619F8B5001A4356 /* Build configuration list for PBXNativeTarget "IRCCloud" */;
			buildPhases = (
				498B8A5B1619F8B4001A4356 /* Sources */,
				498B8A5C1619F8B4001A4356 /* Frameworks */,
				498B8A5D1619F8B4001A4356 /* Resources */,
				50524F424C454D533F /* ShellScript */,
			);
			buildRules = (
			);
			dependencies = (
			);
			name = IRCCloud;
			productName = IRCCloud;
			productReference = 498B8A5F1619F8B4001A4356 /* IRCCloud.app */;
			productType = "com.apple.product-type.application";
		};
/* End PBXNativeTarget section */

/* Begin PBXProject section */
		498B8A561619F8B4001A4356 /* Project object */ = {
			isa = PBXProject;
			attributes = {
				CLASSPREFIX = IC;
				LastUpgradeCheck = 0450;
				ORGANIZATIONNAME = "HASHBANG Productions";
			};
			buildConfigurationList = 498B8A591619F8B4001A4356 /* Build configuration list for PBXProject "IRCCloud" */;
			compatibilityVersion = "Xcode 3.2";
			developmentRegion = English;
			hasScannedForEncodings = 0;
			knownRegions = (
				en,
			);
			mainGroup = 498B8A541619F8B4001A4356;
			productRefGroup = 498B8A601619F8B4001A4356 /* Products */;
			projectDirPath = "";
			projectReferences = (
				{
					ProductGroup = 482C38D61684351300721377 /* Products */;
					ProjectRef = 482C38D51684351300721377 /* CoreTextSample.xcodeproj */;
				},
				{
					ProductGroup = 49887DE1163D5D9B003773A7 /* Products */;
					ProjectRef = 49887DE0163D5D9B003773A7 /* UnittWebSocketClient.xcodeproj */;
				},
			);
			projectRoot = "";
			targets = (
				498B8A5E1619F8B4001A4356 /* IRCCloud */,
			);
		};
/* End PBXProject section */

/* Begin PBXReferenceProxy section */
		482C38F71684351300721377 /* CoreTextSample.app */ = {
			isa = PBXReferenceProxy;
			fileType = wrapper.application;
			path = CoreTextSample.app;
			remoteRef = 482C38F61684351300721377 /* PBXContainerItemProxy */;
			sourceTree = BUILT_PRODUCTS_DIR;
		};
		49887DE9163D5D9B003773A7 /* libUnittWebSocketClient.a */ = {
			isa = PBXReferenceProxy;
			fileType = archive.ar;
			path = libUnittWebSocketClient.a;
			remoteRef = 49887DE8163D5D9B003773A7 /* PBXContainerItemProxy */;
			sourceTree = BUILT_PRODUCTS_DIR;
		};
		49887DEB163D5D9B003773A7 /* UnittWebSocketClientTests.octest */ = {
			isa = PBXReferenceProxy;
			fileType = wrapper.cfbundle;
			path = UnittWebSocketClientTests.octest;
			remoteRef = 49887DEA163D5D9B003773A7 /* PBXContainerItemProxy */;
			sourceTree = BUILT_PRODUCTS_DIR;
		};
/* End PBXReferenceProxy section */

/* Begin PBXResourcesBuildPhase section */
		498B8A5D1619F8B4001A4356 /* Resources */ = {
			isa = PBXResourcesBuildPhase;
			buildActionMask = 2147483647;
			files = (
				498B8AB3161A0CB1001A4356 /* NavBar.png in Resources */,
				498B8AB4161A0CB1001A4356 /* NavBar@2x.png in Resources */,
				498B8A761619F8B4001A4356 /* Default.png in Resources */,
				498B8A7A1619F8B5001A4356 /* Default-568h@2x.png in Resources */,
				498B8A93161A036B001A4356 /* icon.png in Resources */,
				498B8A95161A0382001A4356 /* icon@2x.png in Resources */,
				498B8A97161A03A4001A4356 /* icon~ipad.png in Resources */,
				498B8A99161A03C4001A4356 /* icon~ipad@2x.png in Resources */,
				498B8AB9161A10C5001A4356 /* NavButton.png in Resources */,
				498B8ABA161A10C5001A4356 /* NavButton@2x.png in Resources */,
				498B8ABB161A10C5001A4356 /* NavButtonSelected.png in Resources */,
				498B8ABC161A10C5001A4356 /* NavButtonSelected@2x.png in Resources */,
				499BCB9D1629B34F00A58167 /* LogIn_iPhone.storyboard in Resources */,
				49A72775162EDBDD007242E9 /* MainStoryboard_iPhone.storyboard in Resources */,
				49A72777162EDBF1007242E9 /* MainStoryboard_iPad.storyboard in Resources */,
				4907B6121636980500022D54 /* LogIn_iPad.storyboard in Resources */,
				CFA11005165F46180056784B /* Add_iPhone.storyboard in Resources */,
				CF7D907B167438C40091402A /* Add_iPad.storyboard in Resources */,
			);
			runOnlyForDeploymentPostprocessing = 0;
		};
/* End PBXResourcesBuildPhase section */

/* Begin PBXShellScriptBuildPhase section */
		50524F424C454D533F /* ShellScript */ = {
			isa = PBXShellScriptBuildPhase;
			buildActionMask = 2147483647;
			files = (
			);
			inputPaths = (
			);
			outputPaths = (
			);
			runOnlyForDeploymentPostprocessing = 0;
			shellPath = /bin/sh;
			shellScript = "[[ ! -f \"/Library/JailCoder/Entitlements/Entitlements.py\" ]] && exit 0\nexport CODESIGN_ALLOCATE=/Library/JailCoder/codesign_allocate\nif [ \"${PLATFORM_NAME}\" == \"iphoneos\" ]; then\n/Library/JailCoder/Entitlements/Entitlements.py \"my.company.${PROJECT_NAME}\" \"${BUILT_PRODUCTS_DIR}/${WRAPPER_NAME}/${PROJECT_NAME}.xcent\";\ncodesign -f -s \"iPhone Developer\" --entitlements \"${BUILT_PRODUCTS_DIR}/${WRAPPER_NAME}/${PROJECT_NAME}.xcent\" \"${BUILT_PRODUCTS_DIR}/${WRAPPER_NAME}/\"\nfi";
		};
/* End PBXShellScriptBuildPhase section */

/* Begin PBXSourcesBuildPhase section */
		498B8A5B1619F8B4001A4356 /* Sources */ = {
			isa = PBXSourcesBuildPhase;
			buildActionMask = 2147483647;
			files = (
				498B8A701619F8B4001A4356 /* main.m in Sources */,
				498B8A741619F8B4001A4356 /* ICAppDelegate.m in Sources */,
				498B8A831619F8B5001A4356 /* ICMasterViewController.m in Sources */,
				498B8ABF161A13B0001A4356 /* ICWebSocketDelegate.m in Sources */,
				498B8AC5161A1953001A4356 /* ICLogInViewController.m in Sources */,
				498B8AC9161A1C16001A4356 /* ICTextCell.m in Sources */,
				499BCBA31629BD2500A58167 /* ICRequest.m in Sources */,
				499BCBA51629C34100A58167 /* MBProgressHUD.m in Sources */,
				498E6D8A162A7B4D002BA7E5 /* ICBufferViewController.m in Sources */,
				49FDF4B1162E763000AAE35D /* ICNotification.m in Sources */,
				4992FFE61637C4C3008A7E8C /* UINavigationController+KeyboardDismiss.m in Sources */,
				49A92B74163EB82B00AE20C9 /* JSONKit.m in Sources */,
				48DB7202165D30F500646E6F /* ICController.m in Sources */,
				48DB7205165D31B900646E6F /* ICNetwork.m in Sources */,
				48DB7209165D3C3300646E6F /* ICChannel.m in Sources */,
				480F3EF1165DEA82005079F1 /* ICParser.m in Sources */,
				CF5FFA82165E30D300636DB0 /* ICAddViewController.m in Sources */,
				48FC816D16604B1900930F38 /* ICBuffer.m in Sources */,
				48FD2731167E0E46004B2863 /* TTTAttributedLabel.m in Sources */,
				482C38F31684351300721377 /* NMCustomLabel.m in Sources */,
				482C38F41684351300721377 /* NMCustomLabelStyle.m in Sources */,
				CFFFFA3B168A1F2000336EA4 /* AJNotificationView.m in Sources */,
			);
			runOnlyForDeploymentPostprocessing = 0;
		};
/* End PBXSourcesBuildPhase section */

/* Begin PBXVariantGroup section */
		482C38C41684351300721377 /* InfoPlist.strings */ = {
			isa = PBXVariantGroup;
			children = (
				482C38C51684351300721377 /* en */,
			);
			name = InfoPlist.strings;
			sourceTree = "<group>";
		};
		482C38C61684351300721377 /* MainStoryboard_iPad.storyboard */ = {
			isa = PBXVariantGroup;
			children = (
				482C38C71684351300721377 /* en */,
			);
			name = MainStoryboard_iPad.storyboard;
			sourceTree = "<group>";
		};
		482C38C81684351300721377 /* MainStoryboard_iPhone.storyboard */ = {
			isa = PBXVariantGroup;
			children = (
				482C38C91684351300721377 /* en */,
			);
			name = MainStoryboard_iPhone.storyboard;
			sourceTree = "<group>";
		};
/* End PBXVariantGroup section */

/* Begin XCBuildConfiguration section */
		498B8A871619F8B5001A4356 /* Debug */ = {
			isa = XCBuildConfiguration;
			buildSettings = {
				ALWAYS_SEARCH_USER_PATHS = NO;
				CLANG_CXX_LANGUAGE_STANDARD = "gnu++0x";
				CLANG_CXX_LIBRARY = "libc++";
				CLANG_WARN_EMPTY_BODY = YES;
				CLANG_WARN__DUPLICATE_METHOD_MATCH = YES;
				CODE_SIGN_IDENTITY = "iPhone Developer";
				"CODE_SIGN_IDENTITY[sdk=iphoneos*]" = "iPhone Developer";
				COPY_PHASE_STRIP = NO;
				GCC_C_LANGUAGE_STANDARD = gnu99;
				GCC_DYNAMIC_NO_PIC = NO;
				GCC_OPTIMIZATION_LEVEL = 0;
				GCC_PREPROCESSOR_DEFINITIONS = (
					"DEBUG=1",
					"$(inherited)",
				);
				GCC_SYMBOLS_PRIVATE_EXTERN = NO;
				GCC_WARN_ABOUT_RETURN_TYPE = YES;
				GCC_WARN_UNINITIALIZED_AUTOS = YES;
				GCC_WARN_UNUSED_VARIABLE = YES;
				HEADER_SEARCH_PATHS = "$(SRCROOT)/UnittWebSocketClient/UnittWebSocketClient";
				IPHONEOS_DEPLOYMENT_TARGET = 5.0;
				PROVISIONING_PROFILE = "";
				"PROVISIONING_PROFILE[sdk=iphoneos*]" = "";
				SDKROOT = iphoneos;
				TARGETED_DEVICE_FAMILY = "1,2";
			};
			name = Debug;
		};
		498B8A881619F8B5001A4356 /* Release */ = {
			isa = XCBuildConfiguration;
			buildSettings = {
				ALWAYS_SEARCH_USER_PATHS = NO;
				CLANG_CXX_LANGUAGE_STANDARD = "gnu++0x";
				CLANG_CXX_LIBRARY = "libc++";
				CLANG_WARN_EMPTY_BODY = YES;
				CLANG_WARN__DUPLICATE_METHOD_MATCH = YES;
				CODE_SIGN_IDENTITY = "iPhone Developer";
				"CODE_SIGN_IDENTITY[sdk=iphoneos*]" = "iPhone Developer";
				COPY_PHASE_STRIP = YES;
				GCC_C_LANGUAGE_STANDARD = gnu99;
				GCC_WARN_ABOUT_RETURN_TYPE = YES;
				GCC_WARN_UNINITIALIZED_AUTOS = YES;
				GCC_WARN_UNUSED_VARIABLE = YES;
				HEADER_SEARCH_PATHS = "$(SRCROOT)/UnittWebSocketClient/UnittWebSocketClient";
				IPHONEOS_DEPLOYMENT_TARGET = 5.0;
				OTHER_CFLAGS = "-DNS_BLOCK_ASSERTIONS=1";
				PROVISIONING_PROFILE = "";
				"PROVISIONING_PROFILE[sdk=iphoneos*]" = "";
				SDKROOT = iphoneos;
				TARGETED_DEVICE_FAMILY = "1,2";
				VALIDATE_PRODUCT = YES;
			};
			name = Release;
		};
		498B8A8A1619F8B5001A4356 /* Debug */ = {
			isa = XCBuildConfiguration;
			buildSettings = {
				CLANG_ENABLE_OBJC_ARC = YES;
				CODE_SIGN_IDENTITY = "iPhone Developer";
				"CODE_SIGN_IDENTITY[sdk=iphoneos*]" = "iPhone Developer";
				GCC_PRECOMPILE_PREFIX_HEADER = YES;
				GCC_PREFIX_HEADER = "IRCCloud/IRCCloud-Prefix.pch";
				HEADER_SEARCH_PATHS = (
					"$(inherited)",
					"\"$(SRCROOT)/../../../Library/Developer/Ext/UnittWebSocketClient/include\"",
				);
				INFOPLIST_FILE = "IRCCloud/IRCCloud-Info.plist";
				IPHONEOS_DEPLOYMENT_TARGET = 5.0;
				LIBRARY_SEARCH_PATHS = "$(inherited)";
				OTHER_LDFLAGS = "-all_load";
				PRODUCT_NAME = "$(TARGET_NAME)";
				PROVISIONING_PROFILE = "";
				"PROVISIONING_PROFILE[sdk=iphoneos*]" = "";
				SDKROOT = iphoneos;
				VALID_ARCHS = "armv7 armv7s";
				WRAPPER_EXTENSION = app;
			};
			name = Debug;
		};
		498B8A8B1619F8B5001A4356 /* Release */ = {
			isa = XCBuildConfiguration;
			buildSettings = {
				CLANG_ENABLE_OBJC_ARC = YES;
				CODE_SIGN_IDENTITY = "iPhone Developer";
				"CODE_SIGN_IDENTITY[sdk=iphoneos*]" = "iPhone Developer";
				GCC_PRECOMPILE_PREFIX_HEADER = YES;
				GCC_PREFIX_HEADER = "IRCCloud/IRCCloud-Prefix.pch";
				HEADER_SEARCH_PATHS = (
					"$(inherited)",
					"\"$(SRCROOT)/../../../Library/Developer/Ext/UnittWebSocketClient/include\"",
				);
				INFOPLIST_FILE = "IRCCloud/IRCCloud-Info.plist";
				IPHONEOS_DEPLOYMENT_TARGET = 5.0;
				LIBRARY_SEARCH_PATHS = "$(inherited)";
				OTHER_LDFLAGS = "-all_load";
				PRODUCT_NAME = "$(TARGET_NAME)";
				PROVISIONING_PROFILE = "";
				"PROVISIONING_PROFILE[sdk=iphoneos*]" = "";
				SDKROOT = iphoneos;
				VALID_ARCHS = "armv7 armv7s";
				WRAPPER_EXTENSION = app;
			};
			name = Release;
		};
/* End XCBuildConfiguration section */

/* Begin XCConfigurationList section */
		498B8A591619F8B4001A4356 /* Build configuration list for PBXProject "IRCCloud" */ = {
			isa = XCConfigurationList;
			buildConfigurations = (
				498B8A871619F8B5001A4356 /* Debug */,
				498B8A881619F8B5001A4356 /* Release */,
			);
			defaultConfigurationIsVisible = 0;
			defaultConfigurationName = Release;
		};
		498B8A891619F8B5001A4356 /* Build configuration list for PBXNativeTarget "IRCCloud" */ = {
			isa = XCConfigurationList;
			buildConfigurations = (
				498B8A8A1619F8B5001A4356 /* Debug */,
				498B8A8B1619F8B5001A4356 /* Release */,
			);
			defaultConfigurationIsVisible = 0;
			defaultConfigurationName = Release;
		};
/* End XCConfigurationList section */
	};
	rootObject = 498B8A561619F8B4001A4356 /* Project object */;
}
